
Microsoft Visual Studio Solution File, Format Version 12.00
# Visual Studio Version 17
VisualStudioVersion = 17.13.35806.99 d17.13
MinimumVisualStudioVersion = 10.0.40219.1
Project("{888888A0-9F3D-457C-B088-3A5042F75D52}") = "5_5_iseseisevtoo", "5_5_iseseisevtoo.pyproj", "{995F9746-311E-4D31-9A0C-D62D6F41BA88}"
EndProject
Global
	GlobalSection(SolutionConfigurationPlatforms) = preSolution
		Debug|Any CPU = Debug|Any CPU
		Release|Any CPU = Release|Any CPU
	EndGlobalSection
	GlobalSection(ProjectConfigurationPlatforms) = postSolution
		{995F9746-311E-4D31-9A0C-D62D6F41BA88}.Debug|Any CPU.ActiveCfg = Debug|Any CPU
		{995F9746-311E-4D31-9A0C-D62D6F41BA88}.Release|Any CPU.ActiveCfg = Release|Any CPU
	EndGlobalSection
	GlobalSection(SolutionProperties) = preSolution
		HideSolutionNode = FALSE
	EndGlobalSection
	GlobalSection(ExtensibilityGlobals) = postSolution
		SolutionGuid = {160D8831-DD36-40B6-99AD-D21B5C37ACD5}
	EndGlobalSection
EndGlobal
